
Microsoft Visual Studio Solution File, Format Version 12.00
# Visual Studio Version 16
VisualStudioVersion = 16.0.29911.84
MinimumVisualStudioVersion = 10.0.40219.1
Project("{FAE04EC0-301F-11D3-BF4B-00C04F79EFBC}") = "CHALLENGE 200", "CHALLENGE 200.csproj", "{DC524AC2-62D4-4B78-921C-83FBFF4328B0}"
EndProject
Global
	GlobalSection(SolutionConfigurationPlatforms) = preSolution
		Debug|Any CPU = Debug|Any CPU
		Release|Any CPU = Release|Any CPU
	EndGlobalSection
	GlobalSection(ProjectConfigurationPlatforms) = postSolution
		{DC524AC2-62D4-4B78-921C-83FBFF4328B0}.Debug|Any CPU.ActiveCfg = Debug|Any CPU
		{DC524AC2-62D4-4B78-921C-83FBFF4328B0}.Debug|Any CPU.Build.0 = Debug|Any CPU
		{DC524AC2-62D4-4B78-921C-83FBFF4328B0}.Release|Any CPU.ActiveCfg = Release|Any CPU
		{DC524AC2-62D4-4B78-921C-83FBFF4328B0}.Release|Any CPU.Build.0 = Release|Any CPU
	EndGlobalSection
	GlobalSection(SolutionProperties) = preSolution
		HideSolutionNode = FALSE
	EndGlobalSection
	GlobalSection(ExtensibilityGlobals) = postSolution
		SolutionGuid = {357ABB9E-28CF-4114-8C6C-C347D800AA30}
	EndGlobalSection
EndGlobal
